// !$*UTF8*$!
{
	archiveVersion = 1;
	classes = {
	};
	objectVersion = 46;
	objects = {

/* Begin PBXBuildFile section */
		CE763C381B575D3700736CBF /* main.m in Sources */ = {isa = PBXBuildFile; fileRef = CE763C371B575D3700736CBF /* main.m */; };
		CE763C3B1B575D3700736CBF /* AppDelegate.m in Sources */ = {isa = PBXBuildFile; fileRef = CE763C3A1B575D3700736CBF /* AppDelegate.m */; };
		CE763C3E1B575D3700736CBF /* ViewController.m in Sources */ = {isa = PBXBuildFile; fileRef = CE763C3D1B575D3700736CBF /* ViewController.m */; };
		CE763C411B575D3700736CBF /* Main.storyboard in Resources */ = {isa = PBXBuildFile; fileRef = CE763C3F1B575D3700736CBF /* Main.storyboard */; };
		CE763C431B575D3700736CBF /* Images.xcassets in Resources */ = {isa = PBXBuildFile; fileRef = CE763C421B575D3700736CBF /* Images.xcassets */; };
		CE763C461B575D3700736CBF /* LaunchScreen.xib in Resources */ = {isa = PBXBuildFile; fileRef = CE763C441B575D3700736CBF /* LaunchScreen.xib */; };
		CE763C521B575D3700736CBF /* new_aladingTests.m in Sources */ = {isa = PBXBuildFile; fileRef = CE763C511B575D3700736CBF /* new_aladingTests.m */; };
		CE763C5D1B57A5DF00736CBF /* CKViewController.m in Sources */ = {isa = PBXBuildFile; fileRef = CE763C5C1B57A5DF00736CBF /* CKViewController.m */; };
		CE763C611B57A66500736CBF /* BTSpiderPlotterView.m in Sources */ = {isa = PBXBuildFile; fileRef = CE763C601B57A66500736CBF /* BTSpiderPlotterView.m */; };
		CE763C641B57AA9500736CBF /* CKRollImageView.m in Sources */ = {isa = PBXBuildFile; fileRef = CE763C631B57AA9500736CBF /* CKRollImageView.m */; };
		CE763C6B1B57B39700736CBF /* image5.jpg in Resources */ = {isa = PBXBuildFile; fileRef = CE763C651B57B39700736CBF /* image5.jpg */; };
		CE763C6C1B57B39700736CBF /* image4.jpg in Resources */ = {isa = PBXBuildFile; fileRef = CE763C661B57B39700736CBF /* image4.jpg */; };
		CE763C6D1B57B39700736CBF /* image3.jpg in Resources */ = {isa = PBXBuildFile; fileRef = CE763C671B57B39700736CBF /* image3.jpg */; };
		CE763C6E1B57B39700736CBF /* image2.jpg in Resources */ = {isa = PBXBuildFile; fileRef = CE763C681B57B39700736CBF /* image2.jpg */; };
		CE763C6F1B57B39700736CBF /* image0.jpg in Resources */ = {isa = PBXBuildFile; fileRef = CE763C691B57B39700736CBF /* image0.jpg */; };
		CE763C701B57B39700736CBF /* image1.jpg in Resources */ = {isa = PBXBuildFile; fileRef = CE763C6A1B57B39700736CBF /* image1.jpg */; };
		CE7EF60A1B58C2C200511E73 /* CKImageViewController.m in Sources */ = {isa = PBXBuildFile; fileRef = CE7EF6091B58C2C200511E73 /* CKImageViewController.m */; };
		CE820DC41B5CA0BA003525D2 /* CollectionViewWaterfallCell.m in Sources */ = {isa = PBXBuildFile; fileRef = CE820DC11B5CA0BA003525D2 /* CollectionViewWaterfallCell.m */; };
		CE820DC51B5CA0BA003525D2 /* CollectionViewWaterfallLayout.m in Sources */ = {isa = PBXBuildFile; fileRef = CE820DC31B5CA0BA003525D2 /* CollectionViewWaterfallLayout.m */; };
		CE820DC91B5CA527003525D2 /* CKOneMessageTableViewCell.m in Sources */ = {isa = PBXBuildFile; fileRef = CE820DC71B5CA527003525D2 /* CKOneMessageTableViewCell.m */; };
		CE820DCA1B5CA527003525D2 /* CKOneMessageTableViewCell.xib in Resources */ = {isa = PBXBuildFile; fileRef = CE820DC81B5CA527003525D2 /* CKOneMessageTableViewCell.xib */; };
		CE820DCE1B5CA539003525D2 /* CKTwoMessageTableViewCell.m in Sources */ = {isa = PBXBuildFile; fileRef = CE820DCC1B5CA539003525D2 /* CKTwoMessageTableViewCell.m */; };
		CE820DCF1B5CA539003525D2 /* CKTwoMessageTableViewCell.xib in Resources */ = {isa = PBXBuildFile; fileRef = CE820DCD1B5CA539003525D2 /* CKTwoMessageTableViewCell.xib */; };
		CE820DD21B5CABDE003525D2 /* 222.jpg in Resources */ = {isa = PBXBuildFile; fileRef = CE820DD01B5CABDE003525D2 /* 222.jpg */; };
		CE820DD31B5CABDE003525D2 /* 111.jpg in Resources */ = {isa = PBXBuildFile; fileRef = CE820DD11B5CABDE003525D2 /* 111.jpg */; };
/* End PBXBuildFile section */

/* Begin PBXContainerItemProxy section */
		CE763C4C1B575D3700736CBF /* PBXContainerItemProxy */ = {
			isa = PBXContainerItemProxy;
			containerPortal = CE763C2A1B575D3700736CBF /* Project object */;
			proxyType = 1;
			remoteGlobalIDString = CE763C311B575D3700736CBF;
			remoteInfo = new_alading;
		};
/* End PBXContainerItemProxy section */

/* Begin PBXFileReference section */
		CE763C321B575D3700736CBF /* new_alading.app */ = {isa = PBXFileReference; explicitFileType = wrapper.application; includeInIndex = 0; path = new_alading.app; sourceTree = BUILT_PRODUCTS_DIR; };
		CE763C361B575D3700736CBF /* Info.plist */ = {isa = PBXFileReference; lastKnownFileType = text.plist.xml; path = Info.plist; sourceTree = "<group>"; };
		CE763C371B575D3700736CBF /* main.m */ = {isa = PBXFileReference; lastKnownFileType = sourcecode.c.objc; path = main.m; sourceTree = "<group>"; };
		CE763C391B575D3700736CBF /* AppDelegate.h */ = {isa = PBXFileReference; lastKnownFileType = sourcecode.c.h; path = AppDelegate.h; sourceTree = "<group>"; };
		CE763C3A1B575D3700736CBF /* AppDelegate.m */ = {isa = PBXFileReference; lastKnownFileType = sourcecode.c.objc; path = AppDelegate.m; sourceTree = "<group>"; };
		CE763C3C1B575D3700736CBF /* ViewController.h */ = {isa = PBXFileReference; lastKnownFileType = sourcecode.c.h; path = ViewController.h; sourceTree = "<group>"; };
		CE763C3D1B575D3700736CBF /* ViewController.m */ = {isa = PBXFileReference; lastKnownFileType = sourcecode.c.objc; path = ViewController.m; sourceTree = "<group>"; };
		CE763C401B575D3700736CBF /* Base */ = {isa = PBXFileReference; lastKnownFileType = file.storyboard; name = Base; path = Base.lproj/Main.storyboard; sourceTree = "<group>"; };
		CE763C421B575D3700736CBF /* Images.xcassets */ = {isa = PBXFileReference; lastKnownFileType = folder.assetcatalog; path = Images.xcassets; sourceTree = "<group>"; };
		CE763C451B575D3700736CBF /* Base */ = {isa = PBXFileReference; lastKnownFileType = file.xib; name = Base; path = Base.lproj/LaunchScreen.xib; sourceTree = "<group>"; };
		CE763C4B1B575D3700736CBF /* new_aladingTests.xctest */ = {isa = PBXFileReference; explicitFileType = wrapper.cfbundle; includeInIndex = 0; path = new_aladingTests.xctest; sourceTree = BUILT_PRODUCTS_DIR; };
		CE763C501B575D3700736CBF /* Info.plist */ = {isa = PBXFileReference; lastKnownFileType = text.plist.xml; path = Info.plist; sourceTree = "<group>"; };
		CE763C511B575D3700736CBF /* new_aladingTests.m */ = {isa = PBXFileReference; lastKnownFileType = sourcecode.c.objc; path = new_aladingTests.m; sourceTree = "<group>"; };
		CE763C5B1B57A5DF00736CBF /* CKViewController.h */ = {isa = PBXFileReference; fileEncoding = 4; lastKnownFileType = sourcecode.c.h; path = CKViewController.h; sourceTree = "<group>"; };
		CE763C5C1B57A5DF00736CBF /* CKViewController.m */ = {isa = PBXFileReference; fileEncoding = 4; lastKnownFileType = sourcecode.c.objc; path = CKViewController.m; sourceTree = "<group>"; };
		CE763C5F1B57A66500736CBF /* BTSpiderPlotterView.h */ = {isa = PBXFileReference; fileEncoding = 4; lastKnownFileType = sourcecode.c.h; path = BTSpiderPlotterView.h; sourceTree = "<group>"; };
		CE763C601B57A66500736CBF /* BTSpiderPlotterView.m */ = {isa = PBXFileReference; fileEncoding = 4; lastKnownFileType = sourcecode.c.objc; path = BTSpiderPlotterView.m; sourceTree = "<group>"; };
		CE763C621B57AA9500736CBF /* CKRollImageView.h */ = {isa = PBXFileReference; fileEncoding = 4; lastKnownFileType = sourcecode.c.h; path = CKRollImageView.h; sourceTree = "<group>"; };
		CE763C631B57AA9500736CBF /* CKRollImageView.m */ = {isa = PBXFileReference; fileEncoding = 4; lastKnownFileType = sourcecode.c.objc; path = CKRollImageView.m; sourceTree = "<group>"; };
		CE763C651B57B39700736CBF /* image5.jpg */ = {isa = PBXFileReference; lastKnownFileType = image.jpeg; path = image5.jpg; sourceTree = "<group>"; };
		CE763C661B57B39700736CBF /* image4.jpg */ = {isa = PBXFileReference; lastKnownFileType = image.jpeg; path = image4.jpg; sourceTree = "<group>"; };
		CE763C671B57B39700736CBF /* image3.jpg */ = {isa = PBXFileReference; lastKnownFileType = image.jpeg; path = image3.jpg; sourceTree = "<group>"; };
		CE763C681B57B39700736CBF /* image2.jpg */ = {isa = PBXFileReference; lastKnownFileType = image.jpeg; path = image2.jpg; sourceTree = "<group>"; };
		CE763C691B57B39700736CBF /* image0.jpg */ = {isa = PBXFileReference; lastKnownFileType = image.jpeg; path = image0.jpg; sourceTree = "<group>"; };
		CE763C6A1B57B39700736CBF /* image1.jpg */ = {isa = PBXFileReference; lastKnownFileType = image.jpeg; path = image1.jpg; sourceTree = "<group>"; };
		CE7EF6081B58C2C200511E73 /* CKImageViewController.h */ = {isa = PBXFileReference; fileEncoding = 4; lastKnownFileType = sourcecode.c.h; path = CKImageViewController.h; sourceTree = "<group>"; };
		CE7EF6091B58C2C200511E73 /* CKImageViewController.m */ = {isa = PBXFileReference; fileEncoding = 4; lastKnownFileType = sourcecode.c.objc; path = CKImageViewController.m; sourceTree = "<group>"; };
		CE820DC01B5CA0BA003525D2 /* CollectionViewWaterfallCell.h */ = {isa = PBXFileReference; fileEncoding = 4; lastKnownFileType = sourcecode.c.h; path = CollectionViewWaterfallCell.h; sourceTree = "<group>"; };
		CE820DC11B5CA0BA003525D2 /* CollectionViewWaterfallCell.m */ = {isa = PBXFileReference; fileEncoding = 4; lastKnownFileType = sourcecode.c.objc; path = CollectionViewWaterfallCell.m; sourceTree = "<group>"; };
		CE820DC21B5CA0BA003525D2 /* CollectionViewWaterfallLayout.h */ = {isa = PBXFileReference; fileEncoding = 4; lastKnownFileType = sourcecode.c.h; path = CollectionViewWaterfallLayout.h; sourceTree = "<group>"; };
		CE820DC31B5CA0BA003525D2 /* CollectionViewWaterfallLayout.m */ = {isa = PBXFileReference; fileEncoding = 4; lastKnownFileType = sourcecode.c.objc; path = CollectionViewWaterfallLayout.m; sourceTree = "<group>"; };
		CE820DC61B5CA527003525D2 /* CKOneMessageTableViewCell.h */ = {isa = PBXFileReference; fileEncoding = 4; lastKnownFileType = sourcecode.c.h; path = CKOneMessageTableViewCell.h; sourceTree = "<group>"; };
		CE820DC71B5CA527003525D2 /* CKOneMessageTableViewCell.m */ = {isa = PBXFileReference; fileEncoding = 4; lastKnownFileType = sourcecode.c.objc; path = CKOneMessageTableViewCell.m; sourceTree = "<group>"; };
		CE820DC81B5CA527003525D2 /* CKOneMessageTableViewCell.xib */ = {isa = PBXFileReference; fileEncoding = 4; lastKnownFileType = file.xib; path = CKOneMessageTableViewCell.xib; sourceTree = "<group>"; };
		CE820DCB1B5CA539003525D2 /* CKTwoMessageTableViewCell.h */ = {isa = PBXFileReference; fileEncoding = 4; lastKnownFileType = sourcecode.c.h; path = CKTwoMessageTableViewCell.h; sourceTree = "<group>"; };
		CE820DCC1B5CA539003525D2 /* CKTwoMessageTableViewCell.m */ = {isa = PBXFileReference; fileEncoding = 4; lastKnownFileType = sourcecode.c.objc; path = CKTwoMessageTableViewCell.m; sourceTree = "<group>"; };
		CE820DCD1B5CA539003525D2 /* CKTwoMessageTableViewCell.xib */ = {isa = PBXFileReference; fileEncoding = 4; lastKnownFileType = file.xib; path = CKTwoMessageTableViewCell.xib; sourceTree = "<group>"; };
		CE820DD01B5CABDE003525D2 /* 222.jpg */ = {isa = PBXFileReference; lastKnownFileType = image.jpeg; path = 222.jpg; sourceTree = "<group>"; };
		CE820DD11B5CABDE003525D2 /* 111.jpg */ = {isa = PBXFileReference; lastKnownFileType = image.jpeg; path = 111.jpg; sourceTree = "<group>"; };
/* End PBXFileReference section */

/* Begin PBXFrameworksBuildPhase section */
		CE763C2F1B575D3700736CBF /* Frameworks */ = {
			isa = PBXFrameworksBuildPhase;
			buildActionMask = 2147483647;
			files = (
			);
			runOnlyForDeploymentPostprocessing = 0;
		};
		CE763C481B575D3700736CBF /* Frameworks */ = {
			isa = PBXFrameworksBuildPhase;
			buildActionMask = 2147483647;
			files = (
			);
			runOnlyForDeploymentPostprocessing = 0;
		};
/* End PBXFrameworksBuildPhase section */

/* Begin PBXGroup section */
		CE763C291B575D3700736CBF = {
			isa = PBXGroup;
			children = (
				CE763C341B575D3700736CBF /* new_alading */,
				CE763C4E1B575D3700736CBF /* new_aladingTests */,
				CE763C331B575D3700736CBF /* Products */,
			);
			sourceTree = "<group>";
		};
		CE763C331B575D3700736CBF /* Products */ = {
			isa = PBXGroup;
			children = (
				CE763C321B575D3700736CBF /* new_alading.app */,
				CE763C4B1B575D3700736CBF /* new_aladingTests.xctest */,
			);
			name = Products;
			sourceTree = "<group>";
		};
		CE763C341B575D3700736CBF /* new_alading */ = {
			isa = PBXGroup;
			children = (
				CE763C651B57B39700736CBF /* image5.jpg */,
				CE820DD01B5CABDE003525D2 /* 222.jpg */,
				CE820DD11B5CABDE003525D2 /* 111.jpg */,
				CE763C661B57B39700736CBF /* image4.jpg */,
				CE763C671B57B39700736CBF /* image3.jpg */,
				CE763C681B57B39700736CBF /* image2.jpg */,
				CE763C691B57B39700736CBF /* image0.jpg */,
				CE763C6A1B57B39700736CBF /* image1.jpg */,
				CE763C621B57AA9500736CBF /* CKRollImageView.h */,
				CE763C631B57AA9500736CBF /* CKRollImageView.m */,
				CE7EF6081B58C2C200511E73 /* CKImageViewController.h */,
				CE7EF6091B58C2C200511E73 /* CKImageViewController.m */,
				CE820DBF1B5CA0AD003525D2 /* collection */,
				CE763C5E1B57A66500736CBF /* BTSpiderPlotterView */,
				CE763C5B1B57A5DF00736CBF /* CKViewController.h */,
				CE763C5C1B57A5DF00736CBF /* CKViewController.m */,
				CE763C391B575D3700736CBF /* AppDelegate.h */,
				CE763C3A1B575D3700736CBF /* AppDelegate.m */,
				CE763C3C1B575D3700736CBF /* ViewController.h */,
				CE763C3D1B575D3700736CBF /* ViewController.m */,
				CE820DC61B5CA527003525D2 /* CKOneMessageTableViewCell.h */,
				CE820DC71B5CA527003525D2 /* CKOneMessageTableViewCell.m */,
				CE820DC81B5CA527003525D2 /* CKOneMessageTableViewCell.xib */,
				CE820DCB1B5CA539003525D2 /* CKTwoMessageTableViewCell.h */,
				CE820DCC1B5CA539003525D2 /* CKTwoMessageTableViewCell.m */,
				CE820DCD1B5CA539003525D2 /* CKTwoMessageTableViewCell.xib */,
				CE763C3F1B575D3700736CBF /* Main.storyboard */,
				CE763C421B575D3700736CBF /* Images.xcassets */,
				CE763C441B575D3700736CBF /* LaunchScreen.xib */,
				CE763C351B575D3700736CBF /* Supporting Files */,
			);
			path = new_alading;
			sourceTree = "<group>";
		};
		CE763C351B575D3700736CBF /* Supporting Files */ = {
			isa = PBXGroup;
			children = (
				CE763C361B575D3700736CBF /* Info.plist */,
				CE763C371B575D3700736CBF /* main.m */,
			);
			name = "Supporting Files";
			sourceTree = "<group>";
		};
		CE763C4E1B575D3700736CBF /* new_aladingTests */ = {
			isa = PBXGroup;
			children = (
				CE763C511B575D3700736CBF /* new_aladingTests.m */,
				CE763C4F1B575D3700736CBF /* Supporting Files */,
			);
			path = new_aladingTests;
			sourceTree = "<group>";
		};
		CE763C4F1B575D3700736CBF /* Supporting Files */ = {
			isa = PBXGroup;
			children = (
				CE763C501B575D3700736CBF /* Info.plist */,
			);
			name = "Supporting Files";
			sourceTree = "<group>";
		};
		CE763C5E1B57A66500736CBF /* BTSpiderPlotterView */ = {
			isa = PBXGroup;
			children = (
				CE763C5F1B57A66500736CBF /* BTSpiderPlotterView.h */,
				CE763C601B57A66500736CBF /* BTSpiderPlotterView.m */,
			);
			path = BTSpiderPlotterView;
			sourceTree = "<group>";
		};
		CE820DBF1B5CA0AD003525D2 /* collection */ = {
			isa = PBXGroup;
			children = (
				CE820DC01B5CA0BA003525D2 /* CollectionViewWaterfallCell.h */,
				CE820DC11B5CA0BA003525D2 /* CollectionViewWaterfallCell.m */,
				CE820DC21B5CA0BA003525D2 /* CollectionViewWaterfallLayout.h */,
				CE820DC31B5CA0BA003525D2 /* CollectionViewWaterfallLayout.m */,
			);
			path = collection;
			sourceTree = "<group>";
		};
/* End PBXGroup section */

/* Begin PBXNativeTarget section */
		CE763C311B575D3700736CBF /* new_alading */ = {
			isa = PBXNativeTarget;
			buildConfigurationList = CE763C551B575D3700736CBF /* Build configuration list for PBXNativeTarget "new_alading" */;
			buildPhases = (
				CE763C2E1B575D3700736CBF /* Sources */,
				CE763C2F1B575D3700736CBF /* Frameworks */,
				CE763C301B575D3700736CBF /* Resources */,
			);
			buildRules = (
			);
			dependencies = (
			);
			name = new_alading;
			productName = new_alading;
			productReference = CE763C321B575D3700736CBF /* new_alading.app */;
			productType = "com.apple.product-type.application";
		};
		CE763C4A1B575D3700736CBF /* new_aladingTests */ = {
			isa = PBXNativeTarget;
			buildConfigurationList = CE763C581B575D3700736CBF /* Build configuration list for PBXNativeTarget "new_aladingTests" */;
			buildPhases = (
				CE763C471B575D3700736CBF /* Sources */,
				CE763C481B575D3700736CBF /* Frameworks */,
				CE763C491B575D3700736CBF /* Resources */,
			);
			buildRules = (
			);
			dependencies = (
				CE763C4D1B575D3700736CBF /* PBXTargetDependency */,
			);
			name = new_aladingTests;
			productName = new_aladingTests;
			productReference = CE763C4B1B575D3700736CBF /* new_aladingTests.xctest */;
			productType = "com.apple.product-type.bundle.unit-test";
		};
/* End PBXNativeTarget section */

/* Begin PBXProject section */
		CE763C2A1B575D3700736CBF /* Project object */ = {
			isa = PBXProject;
			attributes = {
				LastUpgradeCheck = 0640;
				ORGANIZATIONNAME = user;
				TargetAttributes = {
					CE763C311B575D3700736CBF = {
						CreatedOnToolsVersion = 6.4;
					};
					CE763C4A1B575D3700736CBF = {
						CreatedOnToolsVersion = 6.4;
						TestTargetID = CE763C311B575D3700736CBF;
					};
				};
			};
			buildConfigurationList = CE763C2D1B575D3700736CBF /* Build configuration list for PBXProject "new_alading" */;
			compatibilityVersion = "Xcode 3.2";
			developmentRegion = English;
			hasScannedForEncodings = 0;
			knownRegions = (
				en,
				Base,
			);
			mainGroup = CE763C291B575D3700736CBF;
			productRefGroup = CE763C331B575D3700736CBF /* Products */;
			projectDirPath = "";
			projectRoot = "";
			targets = (
				CE763C311B575D3700736CBF /* new_alading */,
				CE763C4A1B575D3700736CBF /* new_aladingTests */,
			);
		};
/* End PBXProject section */

/* Begin PBXResourcesBuildPhase section */
		CE763C301B575D3700736CBF /* Resources */ = {
			isa = PBXResourcesBuildPhase;
			buildActionMask = 2147483647;
			files = (
				CE820DD21B5CABDE003525D2 /* 222.jpg in Resources */,
				CE763C411B575D3700736CBF /* Main.storyboard in Resources */,
				CE763C6C1B57B39700736CBF /* image4.jpg in Resources */,
				CE763C6B1B57B39700736CBF /* image5.jpg in Resources */,
				CE763C6D1B57B39700736CBF /* image3.jpg in Resources */,
				CE763C6F1B57B39700736CBF /* image0.jpg in Resources */,
				CE763C461B575D3700736CBF /* LaunchScreen.xib in Resources */,
				CE763C431B575D3700736CBF /* Images.xcassets in Resources */,
				CE820DCF1B5CA539003525D2 /* CKTwoMessageTableViewCell.xib in Resources */,
				CE820DD31B5CABDE003525D2 /* 111.jpg in Resources */,
				CE763C6E1B57B39700736CBF /* image2.jpg in Resources */,
				CE820DCA1B5CA527003525D2 /* CKOneMessageTableViewCell.xib in Resources */,
				CE763C701B57B39700736CBF /* image1.jpg in Resources */,
			);
			runOnlyForDeploymentPostprocessing = 0;
		};
		CE763C491B575D3700736CBF /* Resources */ = {
			isa = PBXResourcesBuildPhase;
			buildActionMask = 2147483647;
			files = (
			);
			runOnlyForDeploymentPostprocessing = 0;
		};
/* End PBXResourcesBuildPhase section */

/* Begin PBXSourcesBuildPhase section */
		CE763C2E1B575D3700736CBF /* Sources */ = {
			isa = PBXSourcesBuildPhase;
			buildActionMask = 2147483647;
			files = (
				CE763C3E1B575D3700736CBF /* ViewController.m in Sources */,
				CE820DC41B5CA0BA003525D2 /* CollectionViewWaterfallCell.m in Sources */,
				CE820DC91B5CA527003525D2 /* CKOneMessageTableViewCell.m in Sources */,
				CE763C611B57A66500736CBF /* BTSpiderPlotterView.m in Sources */,
				CE763C3B1B575D3700736CBF /* AppDelegate.m in Sources */,
				CE820DCE1B5CA539003525D2 /* CKTwoMessageTableViewCell.m in Sources */,
				CE763C5D1B57A5DF00736CBF /* CKViewController.m in Sources */,
				CE763C381B575D3700736CBF /* main.m in Sources */,
				CE763C641B57AA9500736CBF /* CKRollImageView.m in Sources */,
				CE7EF60A1B58C2C200511E73 /* CKImageViewController.m in Sources */,
				CE820DC51B5CA0BA003525D2 /* CollectionViewWaterfallLayout.m in Sources */,
			);
			runOnlyForDeploymentPostprocessing = 0;
		};
		CE763C471B575D3700736CBF /* Sources */ = {
			isa = PBXSourcesBuildPhase;
			buildActionMask = 2147483647;
			files = (
				CE763C521B575D3700736CBF /* new_aladingTests.m in Sources */,
			);
			runOnlyForDeploymentPostprocessing = 0;
		};
/* End PBXSourcesBuildPhase section */

/* Begin PBXTargetDependency section */
		CE763C4D1B575D3700736CBF /* PBXTargetDependency */ = {
			isa = PBXTargetDependency;
			target = CE763C311B575D3700736CBF /* new_alading */;
			targetProxy = CE763C4C1B575D3700736CBF /* PBXContainerItemProxy */;
		};
/* End PBXTargetDependency section */

/* Begin PBXVariantGroup section */
		CE763C3F1B575D3700736CBF /* Main.storyboard */ = {
			isa = PBXVariantGroup;
			children = (
				CE763C401B575D3700736CBF /* Base */,
			);
			name = Main.storyboard;
			sourceTree = "<group>";
		};
		CE763C441B575D3700736CBF /* LaunchScreen.xib */ = {
			isa = PBXVariantGroup;
			children = (
				CE763C451B575D3700736CBF /* Base */,
			);
			name = LaunchScreen.xib;
			sourceTree = "<group>";
		};
/* End PBXVariantGroup section */

/* Begin XCBuildConfiguration section */
		CE763C531B575D3700736CBF /* Debug */ = {
			isa = XCBuildConfiguration;
			buildSettings = {
				ALWAYS_SEARCH_USER_PATHS = NO;
				CLANG_CXX_LANGUAGE_STANDARD = "gnu++0x";
				CLANG_CXX_LIBRARY = "libc++";
				CLANG_ENABLE_MODULES = YES;
				CLANG_ENABLE_OBJC_ARC = YES;
				CLANG_WARN_BOOL_CONVERSION = YES;
				CLANG_WARN_CONSTANT_CONVERSION = YES;
				CLANG_WARN_DIRECT_OBJC_ISA_USAGE = YES_ERROR;
				CLANG_WARN_EMPTY_BODY = YES;
				CLANG_WARN_ENUM_CONVERSION = YES;
				CLANG_WARN_INT_CONVERSION = YES;
				CLANG_WARN_OBJC_ROOT_CLASS = YES_ERROR;
				CLANG_WARN_UNREACHABLE_CODE = YES;
				CLANG_WARN__DUPLICATE_METHOD_MATCH = YES;
				"CODE_SIGN_IDENTITY[sdk=iphoneos*]" = "iPhone Developer";
				COPY_PHASE_STRIP = NO;
				DEBUG_INFORMATION_FORMAT = "dwarf-with-dsym";
				ENABLE_STRICT_OBJC_MSGSEND = YES;
				GCC_C_LANGUAGE_STANDARD = gnu99;
				GCC_DYNAMIC_NO_PIC = NO;
				GCC_NO_COMMON_BLOCKS = YES;
				GCC_OPTIMIZATION_LEVEL = 0;
				GCC_PREPROCESSOR_DEFINITIONS = (
					"DEBUG=1",
					"$(inherited)",
				);
				GCC_SYMBOLS_PRIVATE_EXTERN = NO;
				GCC_WARN_64_TO_32_BIT_CONVERSION = YES;
				GCC_WARN_ABOUT_RETURN_TYPE = YES_ERROR;
				GCC_WARN_UNDECLARED_SELECTOR = YES;
				GCC_WARN_UNINITIALIZED_AUTOS = YES_AGGRESSIVE;
				GCC_WARN_UNUSED_FUNCTION = YES;
				GCC_WARN_UNUSED_VARIABLE = YES;
				IPHONEOS_DEPLOYMENT_TARGET = 8.4;
				MTL_ENABLE_DEBUG_INFO = YES;
				ONLY_ACTIVE_ARCH = YES;
				SDKROOT = iphoneos;
				TARGETED_DEVICE_FAMILY = "1,2";
			};
			name = Debug;
		};
		CE763C541B575D3700736CBF /* Release */ = {
			isa = XCBuildConfiguration;
			buildSettings = {
				ALWAYS_SEARCH_USER_PATHS = NO;
				CLANG_CXX_LANGUAGE_STANDARD = "gnu++0x";
				CLANG_CXX_LIBRARY = "libc++";
				CLANG_ENABLE_MODULES = YES;
				CLANG_ENABLE_OBJC_ARC = YES;
				CLANG_WARN_BOOL_CONVERSION = YES;
				CLANG_WARN_CONSTANT_CONVERSION = YES;
				CLANG_WARN_DIRECT_OBJC_ISA_USAGE = YES_ERROR;
				CLANG_WARN_EMPTY_BODY = YES;
				CLANG_WARN_ENUM_CONVERSION = YES;
				CLANG_WARN_INT_CONVERSION = YES;
				CLANG_WARN_OBJC_ROOT_CLASS = YES_ERROR;
				CLANG_WARN_UNREACHABLE_CODE = YES;
				CLANG_WARN__DUPLICATE_METHOD_MATCH = YES;
				"CODE_SIGN_IDENTITY[sdk=iphoneos*]" = "iPhone Developer";
				COPY_PHASE_STRIP = NO;
				DEBUG_INFORMATION_FORMAT = "dwarf-with-dsym";
				ENABLE_NS_ASSERTIONS = NO;
				ENABLE_STRICT_OBJC_MSGSEND = YES;
				GCC_C_LANGUAGE_STANDARD = gnu99;
				GCC_NO_COMMON_BLOCKS = YES;
				GCC_WARN_64_TO_32_BIT_CONVERSION = YES;
				GCC_WARN_ABOUT_RETURN_TYPE = YES_ERROR;
				GCC_WARN_UNDECLARED_SELECTOR = YES;
				GCC_WARN_UNINITIALIZED_AUTOS = YES_AGGRESSIVE;
				GCC_WARN_UNUSED_FUNCTION = YES;
				GCC_WARN_UNUSED_VARIABLE = YES;
				IPHONEOS_DEPLOYMENT_TARGET = 8.4;
				MTL_ENABLE_DEBUG_INFO = NO;
				SDKROOT = iphoneos;
				TARGETED_DEVICE_FAMILY = "1,2";
				VALIDATE_PRODUCT = YES;
			};
			name = Release;
		};
		CE763C561B575D3700736CBF /* Debug */ = {
			isa = XCBuildConfiguration;
			buildSettings = {
				ASSETCATALOG_COMPILER_APPICON_NAME = AppIcon;
				INFOPLIST_FILE = new_alading/Info.plist;
				LD_RUNPATH_SEARCH_PATHS = "$(inherited) @executable_path/Frameworks";
				PRODUCT_NAME = "$(TARGET_NAME)";
			};
			name = Debug;
		};
		CE763C571B575D3700736CBF /* Release */ = {
			isa = XCBuildConfiguration;
			buildSettings = {
				ASSETCATALOG_COMPILER_APPICON_NAME = AppIcon;
				INFOPLIST_FILE = new_alading/Info.plist;
				LD_RUNPATH_SEARCH_PATHS = "$(inherited) @executable_path/Frameworks";
				PRODUCT_NAME = "$(TARGET_NAME)";
			};
			name = Release;
		};
		CE763C591B575D3700736CBF /* Debug */ = {
			isa = XCBuildConfiguration;
			buildSettings = {
				BUNDLE_LOADER = "$(TEST_HOST)";
				FRAMEWORK_SEARCH_PATHS = (
					"$(SDKROOT)/Developer/Library/Frameworks",
					"$(inherited)",
				);
				GCC_PREPROCESSOR_DEFINITIONS = (
					"DEBUG=1",
					"$(inherited)",
				);
				INFOPLIST_FILE = new_aladingTests/Info.plist;
				LD_RUNPATH_SEARCH_PATHS = "$(inherited) @executable_path/Frameworks @loader_path/Frameworks";
				PRODUCT_NAME = "$(TARGET_NAME)";
				TEST_HOST = "$(BUILT_PRODUCTS_DIR)/new_alading.app/new_alading";
			};
			name = Debug;
		};
		CE763C5A1B575D3700736CBF /* Release */ = {
			isa = XCBuildConfiguration;
			buildSettings = {
				BUNDLE_LOADER = "$(TEST_HOST)";
				FRAMEWORK_SEARCH_PATHS = (
					"$(SDKROOT)/Developer/Library/Frameworks",
					"$(inherited)",
				);
				INFOPLIST_FILE = new_aladingTests/Info.plist;
				LD_RUNPATH_SEARCH_PATHS = "$(inherited) @executable_path/Frameworks @loader_path/Frameworks";
				PRODUCT_NAME = "$(TARGET_NAME)";
				TEST_HOST = "$(BUILT_PRODUCTS_DIR)/new_alading.app/new_alading";
			};
			name = Release;
		};
/* End XCBuildConfiguration section */

/* Begin XCConfigurationList section */
		CE763C2D1B575D3700736CBF /* Build configuration list for PBXProject "new_alading" */ = {
			isa = XCConfigurationList;
			buildConfigurations = (
				CE763C531B575D3700736CBF /* Debug */,
				CE763C541B575D3700736CBF /* Release */,
			);
			defaultConfigurationIsVisible = 0;
			defaultConfigurationName = Release;
		};
		CE763C551B575D3700736CBF /* Build configuration list for PBXNativeTarget "new_alading" */ = {
			isa = XCConfigurationList;
			buildConfigurations = (
				CE763C561B575D3700736CBF /* Debug */,
				CE763C571B575D3700736CBF /* Release */,
			);
			defaultConfigurationIsVisible = 0;
			defaultConfigurationName = Release;
		};
		CE763C581B575D3700736CBF /* Build configuration list for PBXNativeTarget "new_aladingTests" */ = {
			isa = XCConfigurationList;
			buildConfigurations = (
				CE763C591B575D3700736CBF /* Debug */,
				CE763C5A1B575D3700736CBF /* Release */,
			);
			defaultConfigurationIsVisible = 0;
			defaultConfigurationName = Release;
		};
/* End XCConfigurationList section */
	};
	rootObject = CE763C2A1B575D3700736CBF /* Project object */;
}
